// !$*UTF8*$!
{
	archiveVersion = 1;
	classes = {
	};
	objectVersion = 55;
	objects = {

/* Begin PBXBuildFile section */
		38D2D9E85E3EB4DC0200319F /* Pods_NewsForYou.framework in Frameworks */ = {isa = PBXBuildFile; fileRef = 174F537AA30D44AF6792C20E /* Pods_NewsForYou.framework */; };
		4F046EA402334B2D5AAFF966 /* Pods_NewsForYouTests.framework in Frameworks */ = {isa = PBXBuildFile; fileRef = D206EA29766ED1F684C36216 /* Pods_NewsForYouTests.framework */; };
		CA37775A275CE72A006DF685 /* NewsForYouApp.swift in Sources */ = {isa = PBXBuildFile; fileRef = CA377759275CE72A006DF685 /* NewsForYouApp.swift */; };
		CA37775E275CE72C006DF685 /* Assets.xcassets in Resources */ = {isa = PBXBuildFile; fileRef = CA37775D275CE72C006DF685 /* Assets.xcassets */; };
		CA377761275CE72C006DF685 /* Preview Assets.xcassets in Resources */ = {isa = PBXBuildFile; fileRef = CA377760275CE72C006DF685 /* Preview Assets.xcassets */; };
		CA37776B275D2264006DF685 /* Model.swift in Sources */ = {isa = PBXBuildFile; fileRef = CA37776A275D2264006DF685 /* Model.swift */; };
		CA37776D275D25B2006DF685 /* NewsService.swift in Sources */ = {isa = PBXBuildFile; fileRef = CA37776C275D25B2006DF685 /* NewsService.swift */; };
		CA37776F275D2F99006DF685 /* LaunchView.swift in Sources */ = {isa = PBXBuildFile; fileRef = CA37776E275D2F99006DF685 /* LaunchView.swift */; };
		CA377771275D2FF6006DF685 /* NewsMainView.swift in Sources */ = {isa = PBXBuildFile; fileRef = CA377770275D2FF6006DF685 /* NewsMainView.swift */; };
		CA377773275D3099006DF685 /* NewsCellView.swift in Sources */ = {isa = PBXBuildFile; fileRef = CA377772275D3099006DF685 /* NewsCellView.swift */; };
		CA377776275D30E2006DF685 /* NewsListView.swift in Sources */ = {isa = PBXBuildFile; fileRef = CA377775275D30E2006DF685 /* NewsListView.swift */; };
		CA377778275D3169006DF685 /* Extentions.swift in Sources */ = {isa = PBXBuildFile; fileRef = CA377777275D3169006DF685 /* Extentions.swift */; };
		CA37777B275D6006006DF685 /* ExpandedText.swift in Sources */ = {isa = PBXBuildFile; fileRef = CA37777A275D6006006DF685 /* ExpandedText.swift */; };
		CA80D65B2764C9910045FF9C /* NewsViewModel.swift in Sources */ = {isa = PBXBuildFile; fileRef = CA80D65A2764C9910045FF9C /* NewsViewModel.swift */; };
		CA80D65F2764CD730045FF9C /* SearchTests.swift in Sources */ = {isa = PBXBuildFile; fileRef = CA80D65E2764CD730045FF9C /* SearchTests.swift */; };
		CAFB14AC2762B25200D5ABDE /* ValidationCheck.swift in Sources */ = {isa = PBXBuildFile; fileRef = CAFB14AB2762B25200D5ABDE /* ValidationCheck.swift */; };
		CAFB14AF2762B29200D5ABDE /* CreatePasswordView.swift in Sources */ = {isa = PBXBuildFile; fileRef = CAFB14AE2762B29200D5ABDE /* CreatePasswordView.swift */; };
		CAFB14B72762B2F200D5ABDE /* NewsForYouTests.swift in Sources */ = {isa = PBXBuildFile; fileRef = CAFB14B62762B2F200D5ABDE /* NewsForYouTests.swift */; };
		CAFB14BF2762B32400D5ABDE /* EmailValidationTests.swift in Sources */ = {isa = PBXBuildFile; fileRef = CAFB14BE2762B32400D5ABDE /* EmailValidationTests.swift */; };
		CAFB14C12762B7BA00D5ABDE /* PasswordValidationTests.swift in Sources */ = {isa = PBXBuildFile; fileRef = CAFB14C02762B7BA00D5ABDE /* PasswordValidationTests.swift */; };
		CAFB14C32762BA7D00D5ABDE /* NewsResponseTests.swift in Sources */ = {isa = PBXBuildFile; fileRef = CAFB14C22762BA7D00D5ABDE /* NewsResponseTests.swift */; };
/* End PBXBuildFile section */

/* Begin PBXContainerItemProxy section */
		CAFB14B82762B2F200D5ABDE /* PBXContainerItemProxy */ = {
			isa = PBXContainerItemProxy;
			containerPortal = CA37774E275CE729006DF685 /* Project object */;
			proxyType = 1;
			remoteGlobalIDString = CA377755275CE729006DF685;
			remoteInfo = NewsForYou;
		};
/* End PBXContainerItemProxy section */

/* Begin PBXFileReference section */
		174F537AA30D44AF6792C20E /* Pods_NewsForYou.framework */ = {isa = PBXFileReference; explicitFileType = wrapper.framework; includeInIndex = 0; path = Pods_NewsForYou.framework; sourceTree = BUILT_PRODUCTS_DIR; };
		342909A73D1948A43D1CA926 /* Pods-NewsForYouTests.debug.xcconfig */ = {isa = PBXFileReference; includeInIndex = 1; lastKnownFileType = text.xcconfig; name = "Pods-NewsForYouTests.debug.xcconfig"; path = "Target Support Files/Pods-NewsForYouTests/Pods-NewsForYouTests.debug.xcconfig"; sourceTree = "<group>"; };
		3E39BF1614DD438EAA64D5FD /* Pods-NewsForYouTests.release.xcconfig */ = {isa = PBXFileReference; includeInIndex = 1; lastKnownFileType = text.xcconfig; name = "Pods-NewsForYouTests.release.xcconfig"; path = "Target Support Files/Pods-NewsForYouTests/Pods-NewsForYouTests.release.xcconfig"; sourceTree = "<group>"; };
		5546FACBCAA1D4DEC28E3BCB /* Pods-NewsForYou.release.xcconfig */ = {isa = PBXFileReference; includeInIndex = 1; lastKnownFileType = text.xcconfig; name = "Pods-NewsForYou.release.xcconfig"; path = "Target Support Files/Pods-NewsForYou/Pods-NewsForYou.release.xcconfig"; sourceTree = "<group>"; };
		C58EE57BC8D772C94581856F /* Pods-NewsForYou.debug.xcconfig */ = {isa = PBXFileReference; includeInIndex = 1; lastKnownFileType = text.xcconfig; name = "Pods-NewsForYou.debug.xcconfig"; path = "Target Support Files/Pods-NewsForYou/Pods-NewsForYou.debug.xcconfig"; sourceTree = "<group>"; };
		CA377756275CE72A006DF685 /* NewsForYou.app */ = {isa = PBXFileReference; explicitFileType = wrapper.application; includeInIndex = 0; path = NewsForYou.app; sourceTree = BUILT_PRODUCTS_DIR; };
		CA377759275CE72A006DF685 /* NewsForYouApp.swift */ = {isa = PBXFileReference; lastKnownFileType = sourcecode.swift; path = NewsForYouApp.swift; sourceTree = "<group>"; };
		CA37775D275CE72C006DF685 /* Assets.xcassets */ = {isa = PBXFileReference; lastKnownFileType = folder.assetcatalog; path = Assets.xcassets; sourceTree = "<group>"; };
		CA377760275CE72C006DF685 /* Preview Assets.xcassets */ = {isa = PBXFileReference; lastKnownFileType = folder.assetcatalog; path = "Preview Assets.xcassets"; sourceTree = "<group>"; };
		CA37776A275D2264006DF685 /* Model.swift */ = {isa = PBXFileReference; lastKnownFileType = sourcecode.swift; path = Model.swift; sourceTree = "<group>"; };
		CA37776C275D25B2006DF685 /* NewsService.swift */ = {isa = PBXFileReference; lastKnownFileType = sourcecode.swift; path = NewsService.swift; sourceTree = "<group>"; };
		CA37776E275D2F99006DF685 /* LaunchView.swift */ = {isa = PBXFileReference; lastKnownFileType = sourcecode.swift; path = LaunchView.swift; sourceTree = "<group>"; };
		CA377770275D2FF6006DF685 /* NewsMainView.swift */ = {isa = PBXFileReference; lastKnownFileType = sourcecode.swift; path = NewsMainView.swift; sourceTree = "<group>"; };
		CA377772275D3099006DF685 /* NewsCellView.swift */ = {isa = PBXFileReference; lastKnownFileType = sourcecode.swift; path = NewsCellView.swift; sourceTree = "<group>"; };
		CA377775275D30E2006DF685 /* NewsListView.swift */ = {isa = PBXFileReference; lastKnownFileType = sourcecode.swift; path = NewsListView.swift; sourceTree = "<group>"; };
		CA377777275D3169006DF685 /* Extentions.swift */ = {isa = PBXFileReference; lastKnownFileType = sourcecode.swift; path = Extentions.swift; sourceTree = "<group>"; };
		CA377779275D3274006DF685 /* Info.plist */ = {isa = PBXFileReference; lastKnownFileType = text.plist; path = Info.plist; sourceTree = "<group>"; };
		CA37777A275D6006006DF685 /* ExpandedText.swift */ = {isa = PBXFileReference; lastKnownFileType = sourcecode.swift; path = ExpandedText.swift; sourceTree = "<group>"; };
		CA80D65A2764C9910045FF9C /* NewsViewModel.swift */ = {isa = PBXFileReference; lastKnownFileType = sourcecode.swift; path = NewsViewModel.swift; sourceTree = "<group>"; };
		CA80D65E2764CD730045FF9C /* SearchTests.swift */ = {isa = PBXFileReference; lastKnownFileType = sourcecode.swift; path = SearchTests.swift; sourceTree = "<group>"; };
		CAFB14AB2762B25200D5ABDE /* ValidationCheck.swift */ = {isa = PBXFileReference; lastKnownFileType = sourcecode.swift; path = ValidationCheck.swift; sourceTree = "<group>"; };
		CAFB14AE2762B29200D5ABDE /* CreatePasswordView.swift */ = {isa = PBXFileReference; lastKnownFileType = sourcecode.swift; path = CreatePasswordView.swift; sourceTree = "<group>"; };
		CAFB14B42762B2F200D5ABDE /* NewsForYouTests.xctest */ = {isa = PBXFileReference; explicitFileType = wrapper.cfbundle; includeInIndex = 0; path = NewsForYouTests.xctest; sourceTree = BUILT_PRODUCTS_DIR; };
		CAFB14B62762B2F200D5ABDE /* NewsForYouTests.swift */ = {isa = PBXFileReference; lastKnownFileType = sourcecode.swift; path = NewsForYouTests.swift; sourceTree = "<group>"; };
		CAFB14BE2762B32400D5ABDE /* EmailValidationTests.swift */ = {isa = PBXFileReference; lastKnownFileType = sourcecode.swift; path = EmailValidationTests.swift; sourceTree = "<group>"; };
		CAFB14C02762B7BA00D5ABDE /* PasswordValidationTests.swift */ = {isa = PBXFileReference; lastKnownFileType = sourcecode.swift; path = PasswordValidationTests.swift; sourceTree = "<group>"; };
		CAFB14C22762BA7D00D5ABDE /* NewsResponseTests.swift */ = {isa = PBXFileReference; lastKnownFileType = sourcecode.swift; path = NewsResponseTests.swift; sourceTree = "<group>"; };
		D206EA29766ED1F684C36216 /* Pods_NewsForYouTests.framework */ = {isa = PBXFileReference; explicitFileType = wrapper.framework; includeInIndex = 0; path = Pods_NewsForYouTests.framework; sourceTree = BUILT_PRODUCTS_DIR; };
/* End PBXFileReference section */

/* Begin PBXFrameworksBuildPhase section */
		CA377753275CE729006DF685 /* Frameworks */ = {
			isa = PBXFrameworksBuildPhase;
			buildActionMask = 2147483647;
			files = (
				38D2D9E85E3EB4DC0200319F /* Pods_NewsForYou.framework in Frameworks */,
			);
			runOnlyForDeploymentPostprocessing = 0;
		};
		CAFB14B12762B2F200D5ABDE /* Frameworks */ = {
			isa = PBXFrameworksBuildPhase;
			buildActionMask = 2147483647;
			files = (
				4F046EA402334B2D5AAFF966 /* Pods_NewsForYouTests.framework in Frameworks */,
			);
			runOnlyForDeploymentPostprocessing = 0;
		};
/* End PBXFrameworksBuildPhase section */

/* Begin PBXGroup section */
		345ED95A8043AC2315DB8FAD /* Frameworks */ = {
			isa = PBXGroup;
			children = (
				174F537AA30D44AF6792C20E /* Pods_NewsForYou.framework */,
				D206EA29766ED1F684C36216 /* Pods_NewsForYouTests.framework */,
			);
			name = Frameworks;
			sourceTree = "<group>";
		};
		7F4335C23CCEC1F21F1E9F53 /* Pods */ = {
			isa = PBXGroup;
			children = (
				C58EE57BC8D772C94581856F /* Pods-NewsForYou.debug.xcconfig */,
				5546FACBCAA1D4DEC28E3BCB /* Pods-NewsForYou.release.xcconfig */,
				342909A73D1948A43D1CA926 /* Pods-NewsForYouTests.debug.xcconfig */,
				3E39BF1614DD438EAA64D5FD /* Pods-NewsForYouTests.release.xcconfig */,
			);
			name = Pods;
			path = Pods;
			sourceTree = "<group>";
		};
		CA37774D275CE729006DF685 = {
			isa = PBXGroup;
			children = (
				CA377758275CE72A006DF685 /* NewsForYou */,
				CAFB14B52762B2F200D5ABDE /* NewsForYouTests */,
				CA377757275CE72A006DF685 /* Products */,
				7F4335C23CCEC1F21F1E9F53 /* Pods */,
				345ED95A8043AC2315DB8FAD /* Frameworks */,
			);
			sourceTree = "<group>";
		};
		CA377757275CE72A006DF685 /* Products */ = {
			isa = PBXGroup;
			children = (
				CA377756275CE72A006DF685 /* NewsForYou.app */,
				CAFB14B42762B2F200D5ABDE /* NewsForYouTests.xctest */,
			);
			name = Products;
			sourceTree = "<group>";
		};
		CA377758275CE72A006DF685 /* NewsForYou */ = {
			isa = PBXGroup;
			children = (
				CAFB14AD2762B27600D5ABDE /* signUp */,
				CA377774275D30BF006DF685 /* newsList */,
				CA377769275D2254006DF685 /* api */,
				CA377770275D2FF6006DF685 /* NewsMainView.swift */,
				CA377759275CE72A006DF685 /* NewsForYouApp.swift */,
				CA377779275D3274006DF685 /* Info.plist */,
				CAFB14AA2762B22100D5ABDE /* utils */,
				CAFB14BD2762B2FC00D5ABDE /* tests */,
				CA37775D275CE72C006DF685 /* Assets.xcassets */,
				CA37775F275CE72C006DF685 /* Preview Content */,
				CA377777275D3169006DF685 /* Extentions.swift */,
				CA37777A275D6006006DF685 /* ExpandedText.swift */,
			);
			path = NewsForYou;
			sourceTree = "<group>";
		};
		CA37775F275CE72C006DF685 /* Preview Content */ = {
			isa = PBXGroup;
			children = (
				CA377760275CE72C006DF685 /* Preview Assets.xcassets */,
			);
			path = "Preview Content";
			sourceTree = "<group>";
		};
		CA377769275D2254006DF685 /* api */ = {
			isa = PBXGroup;
			children = (
				CA37776A275D2264006DF685 /* Model.swift */,
				CA37776C275D25B2006DF685 /* NewsService.swift */,
				CA80D65A2764C9910045FF9C /* NewsViewModel.swift */,
			);
			path = api;
			sourceTree = "<group>";
		};
		CA377774275D30BF006DF685 /* newsList */ = {
			isa = PBXGroup;
			children = (
				CA377772275D3099006DF685 /* NewsCellView.swift */,
				CA377775275D30E2006DF685 /* NewsListView.swift */,
			);
			path = newsList;
			sourceTree = "<group>";
		};
		CAFB14AA2762B22100D5ABDE /* utils */ = {
			isa = PBXGroup;
			children = (
				CAFB14AB2762B25200D5ABDE /* ValidationCheck.swift */,
			);
			path = utils;
			sourceTree = "<group>";
		};
		CAFB14AD2762B27600D5ABDE /* signUp */ = {
			isa = PBXGroup;
			children = (
				CA37776E275D2F99006DF685 /* LaunchView.swift */,
				CAFB14AE2762B29200D5ABDE /* CreatePasswordView.swift */,
			);
			path = signUp;
			sourceTree = "<group>";
		};
		CAFB14B52762B2F200D5ABDE /* NewsForYouTests */ = {
			isa = PBXGroup;
			children = (
				CAFB14B62762B2F200D5ABDE /* NewsForYouTests.swift */,
			);
			path = NewsForYouTests;
			sourceTree = "<group>";
		};
		CAFB14BD2762B2FC00D5ABDE /* tests */ = {
			isa = PBXGroup;
			children = (
				CAFB14BE2762B32400D5ABDE /* EmailValidationTests.swift */,
				CAFB14C02762B7BA00D5ABDE /* PasswordValidationTests.swift */,
				CAFB14C22762BA7D00D5ABDE /* NewsResponseTests.swift */,
				CA80D65E2764CD730045FF9C /* SearchTests.swift */,
			);
			path = tests;
			sourceTree = "<group>";
		};
/* End PBXGroup section */

/* Begin PBXNativeTarget section */
		CA377755275CE729006DF685 /* NewsForYou */ = {
			isa = PBXNativeTarget;
			buildConfigurationList = CA377764275CE72C006DF685 /* Build configuration list for PBXNativeTarget "NewsForYou" */;
			buildPhases = (
				B6CF39BE1D4FC2DF433D3BC4 /* [CP] Check Pods Manifest.lock */,
				CA377752275CE729006DF685 /* Sources */,
				CA377753275CE729006DF685 /* Frameworks */,
				CA377754275CE729006DF685 /* Resources */,
			);
			buildRules = (
			);
			dependencies = (
			);
			name = NewsForYou;
			productName = NewsForYou;
			productReference = CA377756275CE72A006DF685 /* NewsForYou.app */;
			productType = "com.apple.product-type.application";
		};
		CAFB14B32762B2F200D5ABDE /* NewsForYouTests */ = {
			isa = PBXNativeTarget;
			buildConfigurationList = CAFB14BA2762B2F200D5ABDE /* Build configuration list for PBXNativeTarget "NewsForYouTests" */;
			buildPhases = (
				177DAE36625211A2C112921F /* [CP] Check Pods Manifest.lock */,
				CAFB14B02762B2F200D5ABDE /* Sources */,
				CAFB14B12762B2F200D5ABDE /* Frameworks */,
				CAFB14B22762B2F200D5ABDE /* Resources */,
			);
			buildRules = (
			);
			dependencies = (
				CAFB14B92762B2F200D5ABDE /* PBXTargetDependency */,
			);
			name = NewsForYouTests;
			productName = NewsForYouTests;
			productReference = CAFB14B42762B2F200D5ABDE /* NewsForYouTests.xctest */;
			productType = "com.apple.product-type.bundle.unit-test";
		};
/* End PBXNativeTarget section */

/* Begin PBXProject section */
		CA37774E275CE729006DF685 /* Project object */ = {
			isa = PBXProject;
			attributes = {
				BuildIndependentTargetsInParallel = 1;
				LastSwiftUpdateCheck = 1310;
				LastUpgradeCheck = 1310;
				TargetAttributes = {
					CA377755275CE729006DF685 = {
						CreatedOnToolsVersion = 13.1;
					};
					CAFB14B32762B2F200D5ABDE = {
						CreatedOnToolsVersion = 13.1;
						TestTargetID = CA377755275CE729006DF685;
					};
				};
			};
			buildConfigurationList = CA377751275CE729006DF685 /* Build configuration list for PBXProject "NewsForYou" */;
			compatibilityVersion = "Xcode 13.0";
			developmentRegion = en;
			hasScannedForEncodings = 0;
			knownRegions = (
				en,
				Base,
			);
			mainGroup = CA37774D275CE729006DF685;
			productRefGroup = CA377757275CE72A006DF685 /* Products */;
			projectDirPath = "";
			projectRoot = "";
			targets = (
				CA377755275CE729006DF685 /* NewsForYou */,
				CAFB14B32762B2F200D5ABDE /* NewsForYouTests */,
			);
		};
/* End PBXProject section */

/* Begin PBXResourcesBuildPhase section */
		CA377754275CE729006DF685 /* Resources */ = {
			isa = PBXResourcesBuildPhase;
			buildActionMask = 2147483647;
			files = (
				CA377761275CE72C006DF685 /* Preview Assets.xcassets in Resources */,
				CA37775E275CE72C006DF685 /* Assets.xcassets in Resources */,
			);
			runOnlyForDeploymentPostprocessing = 0;
		};
		CAFB14B22762B2F200D5ABDE /* Resources */ = {
			isa = PBXResourcesBuildPhase;
			buildActionMask = 2147483647;
			files = (
			);
			runOnlyForDeploymentPostprocessing = 0;
		};
/* End PBXResourcesBuildPhase section */

/* Begin PBXShellScriptBuildPhase section */
		177DAE36625211A2C112921F /* [CP] Check Pods Manifest.lock */ = {
			isa = PBXShellScriptBuildPhase;
			buildActionMask = 2147483647;
			files = (
			);
			inputFileListPaths = (
			);
			inputPaths = (
				"${PODS_PODFILE_DIR_PATH}/Podfile.lock",
				"${PODS_ROOT}/Manifest.lock",
			);
			name = "[CP] Check Pods Manifest.lock";
			outputFileListPaths = (
			);
			outputPaths = (
				"$(DERIVED_FILE_DIR)/Pods-NewsForYouTests-checkManifestLockResult.txt",
			);
			runOnlyForDeploymentPostprocessing = 0;
			shellPath = /bin/sh;
			shellScript = "diff \"${PODS_PODFILE_DIR_PATH}/Podfile.lock\" \"${PODS_ROOT}/Manifest.lock\" > /dev/null\nif [ $? != 0 ] ; then\n    # print error to STDERR\n    echo \"error: The sandbox is not in sync with the Podfile.lock. Run 'pod install' or update your CocoaPods installation.\" >&2\n    exit 1\nfi\n# This output is used by Xcode 'outputs' to avoid re-running this script phase.\necho \"SUCCESS\" > \"${SCRIPT_OUTPUT_FILE_0}\"\n";
			showEnvVarsInLog = 0;
		};
		B6CF39BE1D4FC2DF433D3BC4 /* [CP] Check Pods Manifest.lock */ = {
			isa = PBXShellScriptBuildPhase;
			buildActionMask = 2147483647;
			files = (
			);
			inputFileListPaths = (
			);
			inputPaths = (
				"${PODS_PODFILE_DIR_PATH}/Podfile.lock",
				"${PODS_ROOT}/Manifest.lock",
			);
			name = "[CP] Check Pods Manifest.lock";
			outputFileListPaths = (
			);
			outputPaths = (
				"$(DERIVED_FILE_DIR)/Pods-NewsForYou-checkManifestLockResult.txt",
			);
			runOnlyForDeploymentPostprocessing = 0;
			shellPath = /bin/sh;
			shellScript = "diff \"${PODS_PODFILE_DIR_PATH}/Podfile.lock\" \"${PODS_ROOT}/Manifest.lock\" > /dev/null\nif [ $? != 0 ] ; then\n    # print error to STDERR\n    echo \"error: The sandbox is not in sync with the Podfile.lock. Run 'pod install' or update your CocoaPods installation.\" >&2\n    exit 1\nfi\n# This output is used by Xcode 'outputs' to avoid re-running this script phase.\necho \"SUCCESS\" > \"${SCRIPT_OUTPUT_FILE_0}\"\n";
			showEnvVarsInLog = 0;
		};
/* End PBXShellScriptBuildPhase section */

/* Begin PBXSourcesBuildPhase section */
		CA377752275CE729006DF685 /* Sources */ = {
			isa = PBXSourcesBuildPhase;
			buildActionMask = 2147483647;
			files = (
				CA37776D275D25B2006DF685 /* NewsService.swift in Sources */,
				CA377776275D30E2006DF685 /* NewsListView.swift in Sources */,
				CA37776F275D2F99006DF685 /* LaunchView.swift in Sources */,
				CA377771275D2FF6006DF685 /* NewsMainView.swift in Sources */,
				CAFB14AC2762B25200D5ABDE /* ValidationCheck.swift in Sources */,
				CA377773275D3099006DF685 /* NewsCellView.swift in Sources */,
				CA37775A275CE72A006DF685 /* NewsForYouApp.swift in Sources */,
				CA80D65B2764C9910045FF9C /* NewsViewModel.swift in Sources */,
				CA37777B275D6006006DF685 /* ExpandedText.swift in Sources */,
				CAFB14AF2762B29200D5ABDE /* CreatePasswordView.swift in Sources */,
				CA37776B275D2264006DF685 /* Model.swift in Sources */,
				CA377778275D3169006DF685 /* Extentions.swift in Sources */,
			);
			runOnlyForDeploymentPostprocessing = 0;
		};
		CAFB14B02762B2F200D5ABDE /* Sources */ = {
			isa = PBXSourcesBuildPhase;
			buildActionMask = 2147483647;
			files = (
				CAFB14C32762BA7D00D5ABDE /* NewsResponseTests.swift in Sources */,
				CAFB14C12762B7BA00D5ABDE /* PasswordValidationTests.swift in Sources */,
				CA80D65F2764CD730045FF9C /* SearchTests.swift in Sources */,
				CAFB14B72762B2F200D5ABDE /* NewsForYouTests.swift in Sources */,
				CAFB14BF2762B32400D5ABDE /* EmailValidationTests.swift in Sources */,
			);
			runOnlyForDeploymentPostprocessing = 0;
		};
/* End PBXSourcesBuildPhase section */

/* Begin PBXTargetDependency section */
		CAFB14B92762B2F200D5ABDE /* PBXTargetDependency */ = {
			isa = PBXTargetDependency;
			target = CA377755275CE729006DF685 /* NewsForYou */;
			targetProxy = CAFB14B82762B2F200D5ABDE /* PBXContainerItemProxy */;
		};
/* End PBXTargetDependency section */

/* Begin XCBuildConfiguration section */
		CA377762275CE72C006DF685 /* Debug */ = {
			isa = XCBuildConfiguration;
			buildSettings = {
				ALWAYS_SEARCH_USER_PATHS = NO;
				CLANG_ANALYZER_NONNULL = YES;
				CLANG_ANALYZER_NUMBER_OBJECT_CONVERSION = YES_AGGRESSIVE;
				CLANG_CXX_LANGUAGE_STANDARD = "gnu++17";
				CLANG_CXX_LIBRARY = "libc++";
				CLANG_ENABLE_MODULES = YES;
				CLANG_ENABLE_OBJC_ARC = YES;
				CLANG_ENABLE_OBJC_WEAK = YES;
				CLANG_WARN_BLOCK_CAPTURE_AUTORELEASING = YES;
				CLANG_WARN_BOOL_CONVERSION = YES;
				CLANG_WARN_COMMA = YES;
				CLANG_WARN_CONSTANT_CONVERSION = YES;
				CLANG_WARN_DEPRECATED_OBJC_IMPLEMENTATIONS = YES;
				CLANG_WARN_DIRECT_OBJC_ISA_USAGE = YES_ERROR;
				CLANG_WARN_DOCUMENTATION_COMMENTS = YES;
				CLANG_WARN_EMPTY_BODY = YES;
				CLANG_WARN_ENUM_CONVERSION = YES;
				CLANG_WARN_INFINITE_RECURSION = YES;
				CLANG_WARN_INT_CONVERSION = YES;
				CLANG_WARN_NON_LITERAL_NULL_CONVERSION = YES;
				CLANG_WARN_OBJC_IMPLICIT_RETAIN_SELF = YES;
				CLANG_WARN_OBJC_LITERAL_CONVERSION = YES;
				CLANG_WARN_OBJC_ROOT_CLASS = YES_ERROR;
				CLANG_WARN_QUOTED_INCLUDE_IN_FRAMEWORK_HEADER = YES;
				CLANG_WARN_RANGE_LOOP_ANALYSIS = YES;
				CLANG_WARN_STRICT_PROTOTYPES = YES;
				CLANG_WARN_SUSPICIOUS_MOVE = YES;
				CLANG_WARN_UNGUARDED_AVAILABILITY = YES_AGGRESSIVE;
				CLANG_WARN_UNREACHABLE_CODE = YES;
				CLANG_WARN__DUPLICATE_METHOD_MATCH = YES;
				COPY_PHASE_STRIP = NO;
				DEBUG_INFORMATION_FORMAT = dwarf;
				ENABLE_STRICT_OBJC_MSGSEND = YES;
				ENABLE_TESTABILITY = YES;
				GCC_C_LANGUAGE_STANDARD = gnu11;
				GCC_DYNAMIC_NO_PIC = NO;
				GCC_NO_COMMON_BLOCKS = YES;
				GCC_OPTIMIZATION_LEVEL = 0;
				GCC_PREPROCESSOR_DEFINITIONS = (
					"DEBUG=1",
					"$(inherited)",
				);
				GCC_WARN_64_TO_32_BIT_CONVERSION = YES;
				GCC_WARN_ABOUT_RETURN_TYPE = YES_ERROR;
				GCC_WARN_UNDECLARED_SELECTOR = YES;
				GCC_WARN_UNINITIALIZED_AUTOS = YES_AGGRESSIVE;
				GCC_WARN_UNUSED_FUNCTION = YES;
				GCC_WARN_UNUSED_VARIABLE = YES;
				IPHONEOS_DEPLOYMENT_TARGET = 15.0;
				MTL_ENABLE_DEBUG_INFO = INCLUDE_SOURCE;
				MTL_FAST_MATH = YES;
				ONLY_ACTIVE_ARCH = YES;
				SDKROOT = iphoneos;
				SWIFT_ACTIVE_COMPILATION_CONDITIONS = DEBUG;
				SWIFT_OPTIMIZATION_LEVEL = "-Onone";
			};
			name = Debug;
		};
		CA377763275CE72C006DF685 /* Release */ = {
			isa = XCBuildConfiguration;
			buildSettings = {
				ALWAYS_SEARCH_USER_PATHS = NO;
				CLANG_ANALYZER_NONNULL = YES;
				CLANG_ANALYZER_NUMBER_OBJECT_CONVERSION = YES_AGGRESSIVE;
				CLANG_CXX_LANGUAGE_STANDARD = "gnu++17";
				CLANG_CXX_LIBRARY = "libc++";
				CLANG_ENABLE_MODULES = YES;
				CLANG_ENABLE_OBJC_ARC = YES;
				CLANG_ENABLE_OBJC_WEAK = YES;
				CLANG_WARN_BLOCK_CAPTURE_AUTORELEASING = YES;
				CLANG_WARN_BOOL_CONVERSION = YES;
				CLANG_WARN_COMMA = YES;
				CLANG_WARN_CONSTANT_CONVERSION = YES;
				CLANG_WARN_DEPRECATED_OBJC_IMPLEMENTATIONS = YES;
				CLANG_WARN_DIRECT_OBJC_ISA_USAGE = YES_ERROR;
				CLANG_WARN_DOCUMENTATION_COMMENTS = YES;
				CLANG_WARN_EMPTY_BODY = YES;
				CLANG_WARN_ENUM_CONVERSION = YES;
				CLANG_WARN_INFINITE_RECURSION = YES;
				CLANG_WARN_INT_CONVERSION = YES;
				CLANG_WARN_NON_LITERAL_NULL_CONVERSION = YES;
				CLANG_WARN_OBJC_IMPLICIT_RETAIN_SELF = YES;
				CLANG_WARN_OBJC_LITERAL_CONVERSION = YES;
				CLANG_WARN_OBJC_ROOT_CLASS = YES_ERROR;
				CLANG_WARN_QUOTED_INCLUDE_IN_FRAMEWORK_HEADER = YES;
				CLANG_WARN_RANGE_LOOP_ANALYSIS = YES;
				CLANG_WARN_STRICT_PROTOTYPES = YES;
				CLANG_WARN_SUSPICIOUS_MOVE = YES;
				CLANG_WARN_UNGUARDED_AVAILABILITY = YES_AGGRESSIVE;
				CLANG_WARN_UNREACHABLE_CODE = YES;
				CLANG_WARN__DUPLICATE_METHOD_MATCH = YES;
				COPY_PHASE_STRIP = NO;
				DEBUG_INFORMATION_FORMAT = "dwarf-with-dsym";
				ENABLE_NS_ASSERTIONS = NO;
				ENABLE_STRICT_OBJC_MSGSEND = YES;
				GCC_C_LANGUAGE_STANDARD = gnu11;
				GCC_NO_COMMON_BLOCKS = YES;
				GCC_WARN_64_TO_32_BIT_CONVERSION = YES;
				GCC_WARN_ABOUT_RETURN_TYPE = YES_ERROR;
				GCC_WARN_UNDECLARED_SELECTOR = YES;
				GCC_WARN_UNINITIALIZED_AUTOS = YES_AGGRESSIVE;
				GCC_WARN_UNUSED_FUNCTION = YES;
				GCC_WARN_UNUSED_VARIABLE = YES;
				IPHONEOS_DEPLOYMENT_TARGET = 15.0;
				MTL_ENABLE_DEBUG_INFO = NO;
				MTL_FAST_MATH = YES;
				SDKROOT = iphoneos;
				SWIFT_COMPILATION_MODE = wholemodule;
				SWIFT_OPTIMIZATION_LEVEL = "-O";
				VALIDATE_PRODUCT = YES;
			};
			name = Release;
		};
		CA377765275CE72C006DF685 /* Debug */ = {
			isa = XCBuildConfiguration;
			baseConfigurationReference = C58EE57BC8D772C94581856F /* Pods-NewsForYou.debug.xcconfig */;
			buildSettings = {
				ASSETCATALOG_COMPILER_APPICON_NAME = AppIcon;
				ASSETCATALOG_COMPILER_GLOBAL_ACCENT_COLOR_NAME = AccentColor;
				CODE_SIGN_STYLE = Automatic;
				CURRENT_PROJECT_VERSION = 1;
				DEVELOPMENT_ASSET_PATHS = "\"NewsForYou/Preview Content\"";
				DEVELOPMENT_TEAM = QF5DP4K689;
				ENABLE_PREVIEWS = YES;
				GENERATE_INFOPLIST_FILE = YES;
				INFOPLIST_FILE = NewsForYou/Info.plist;
				INFOPLIST_KEY_CFBundleDisplayName = "";
				INFOPLIST_KEY_UIApplicationSceneManifest_Generation = YES;
				INFOPLIST_KEY_UIApplicationSupportsIndirectInputEvents = YES;
				INFOPLIST_KEY_UILaunchScreen_Generation = YES;
				INFOPLIST_KEY_UISupportedInterfaceOrientations_iPad = "UIInterfaceOrientationPortrait UIInterfaceOrientationPortraitUpsideDown UIInterfaceOrientationLandscapeLeft UIInterfaceOrientationLandscapeRight";
				INFOPLIST_KEY_UISupportedInterfaceOrientations_iPhone = "UIInterfaceOrientationPortrait UIInterfaceOrientationLandscapeLeft UIInterfaceOrientationLandscapeRight";
				LD_RUNPATH_SEARCH_PATHS = (
					"$(inherited)",
					"@executable_path/Frameworks",
				);
				MARKETING_VERSION = 1.0;
				PRODUCT_BUNDLE_IDENTIFIER = wolkovconsalting.NewsForYou;
				PRODUCT_NAME = "$(TARGET_NAME)";
				SWIFT_EMIT_LOC_STRINGS = YES;
				SWIFT_VERSION = 5.0;
				TARGETED_DEVICE_FAMILY = "1,2";
			};
			name = Debug;
		};
		CA377766275CE72C006DF685 /* Release */ = {
			isa = XCBuildConfiguration;
			baseConfigurationReference = 5546FACBCAA1D4DEC28E3BCB /* Pods-NewsForYou.release.xcconfig */;
			buildSettings = {
				ASSETCATALOG_COMPILER_APPICON_NAME = AppIcon;
				ASSETCATALOG_COMPILER_GLOBAL_ACCENT_COLOR_NAME = AccentColor;
				CODE_SIGN_STYLE = Automatic;
				CURRENT_PROJECT_VERSION = 1;
				DEVELOPMENT_ASSET_PATHS = "\"NewsForYou/Preview Content\"";
				DEVELOPMENT_TEAM = QF5DP4K689;
				ENABLE_PREVIEWS = YES;
				GENERATE_INFOPLIST_FILE = YES;
				INFOPLIST_FILE = NewsForYou/Info.plist;
				INFOPLIST_KEY_CFBundleDisplayName = "";
				INFOPLIST_KEY_UIApplicationSceneManifest_Generation = YES;
				INFOPLIST_KEY_UIApplicationSupportsIndirectInputEvents = YES;
				INFOPLIST_KEY_UILaunchScreen_Generation = YES;
				INFOPLIST_KEY_UISupportedInterfaceOrientations_iPad = "UIInterfaceOrientationPortrait UIInterfaceOrientationPortraitUpsideDown UIInterfaceOrientationLandscapeLeft UIInterfaceOrientationLandscapeRight";
				INFOPLIST_KEY_UISupportedInterfaceOrientations_iPhone = "UIInterfaceOrientationPortrait UIInterfaceOrientationLandscapeLeft UIInterfaceOrientationLandscapeRight";
				LD_RUNPATH_SEARCH_PATHS = (
					"$(inherited)",
					"@executable_path/Frameworks",
				);
				MARKETING_VERSION = 1.0;
				PRODUCT_BUNDLE_IDENTIFIER = wolkovconsalting.NewsForYou;
				PRODUCT_NAME = "$(TARGET_NAME)";
				SWIFT_EMIT_LOC_STRINGS = YES;
				SWIFT_VERSION = 5.0;
				TARGETED_DEVICE_FAMILY = "1,2";
			};
			name = Release;
		};
		CAFB14BB2762B2F200D5ABDE /* Debug */ = {
			isa = XCBuildConfiguration;
			baseConfigurationReference = 342909A73D1948A43D1CA926 /* Pods-NewsForYouTests.debug.xcconfig */;
			buildSettings = {
				BUNDLE_LOADER = "$(TEST_HOST)";
				CODE_SIGN_STYLE = Automatic;
				CURRENT_PROJECT_VERSION = 1;
				DEVELOPMENT_TEAM = "";
				GENERATE_INFOPLIST_FILE = YES;
				LD_RUNPATH_SEARCH_PATHS = (
					"$(inherited)",
					"@executable_path/Frameworks",
					"@loader_path/Frameworks",
				);
				MARKETING_VERSION = 1.0;
				PRODUCT_BUNDLE_IDENTIFIER = wolkovconsalting.NewsForYouTests;
				PRODUCT_NAME = "$(TARGET_NAME)";
				SWIFT_EMIT_LOC_STRINGS = NO;
				SWIFT_VERSION = 5.0;
				TARGETED_DEVICE_FAMILY = "1,2";
				TEST_HOST = "$(BUILT_PRODUCTS_DIR)/NewsForYou.app/NewsForYou";
			};
			name = Debug;
		};
		CAFB14BC2762B2F200D5ABDE /* Release */ = {
			isa = XCBuildConfiguration;
			baseConfigurationReference = 3E39BF1614DD438EAA64D5FD /* Pods-NewsForYouTests.release.xcconfig */;
			buildSettings = {
				BUNDLE_LOADER = "$(TEST_HOST)";
				CODE_SIGN_STYLE = Automatic;
				CURRENT_PROJECT_VERSION = 1;
				DEVELOPMENT_TEAM = "";
				GENERATE_INFOPLIST_FILE = YES;
				LD_RUNPATH_SEARCH_PATHS = (
					"$(inherited)",
					"@executable_path/Frameworks",
					"@loader_path/Frameworks",
				);
				MARKETING_VERSION = 1.0;
				PRODUCT_BUNDLE_IDENTIFIER = wolkovconsalting.NewsForYouTests;
				PRODUCT_NAME = "$(TARGET_NAME)";
				SWIFT_EMIT_LOC_STRINGS = NO;
				SWIFT_VERSION = 5.0;
				TARGETED_DEVICE_FAMILY = "1,2";
				TEST_HOST = "$(BUILT_PRODUCTS_DIR)/NewsForYou.app/NewsForYou";
			};
			name = Release;
		};
/* End XCBuildConfiguration section */

/* Begin XCConfigurationList section */
		CA377751275CE729006DF685 /* Build configuration list for PBXProject "NewsForYou" */ = {
			isa = XCConfigurationList;
			buildConfigurations = (
				CA377762275CE72C006DF685 /* Debug */,
				CA377763275CE72C006DF685 /* Release */,
			);
			defaultConfigurationIsVisible = 0;
			defaultConfigurationName = Release;
		};
		CA377764275CE72C006DF685 /* Build configuration list for PBXNativeTarget "NewsForYou" */ = {
			isa = XCConfigurationList;
			buildConfigurations = (
				CA377765275CE72C006DF685 /* Debug */,
				CA377766275CE72C006DF685 /* Release */,
			);
			defaultConfigurationIsVisible = 0;
			defaultConfigurationName = Release;
		};
		CAFB14BA2762B2F200D5ABDE /* Build configuration list for PBXNativeTarget "NewsForYouTests" */ = {
			isa = XCConfigurationList;
			buildConfigurations = (
				CAFB14BB2762B2F200D5ABDE /* Debug */,
				CAFB14BC2762B2F200D5ABDE /* Release */,
			);
			defaultConfigurationIsVisible = 0;
			defaultConfigurationName = Release;
		};
/* End XCConfigurationList section */
	};
	rootObject = CA37774E275CE729006DF685 /* Project object */;
}
